github.com/vbsw/go-experimental/a02a v0.1.0 h1:I/X9EG+VDUCpz2D9hkKzAiHRDGmn6SE2BxcKyqrUFug=
github.com/vbsw/go-experimental/a02a v0.1.0/go.mod h1:a4sWLgLacarnTMXWdCpNvpOMlodzA8t5+DfW0YFQN1s=
github.com/vbsw/go-experimental/a02b v0.1.1 h1:WuuOiXjGqAhQCNPHHMl996Og+RxMuqFee38Hi2ki1g8=
github.com/vbsw/go-experimental/a02b v0.1.1/go.mod h1:JPOMy3CcoplUVd5KgEti6J8Jz35Bt4piaDLYIoIsUEw=
