github.com/vbsw/go-experimental/a01a v0.1.0 h1:B2KYcaXdxp2JagVfsfPmSD1ANWCksEFX19Eoc/CjxVs=
github.com/vbsw/go-experimental/a01a v0.1.0/go.mod h1:El4EPQ7yYG2lfUvEQ2bDR8HNudR7l4jL5l/klnD5yUU=
github.com/vbsw/go-experimental/a01b v0.1.0 h1:eFHz+6SZ7fyZxiYdib+3qC18Y2yhA1pUvy6po3eUQag=
github.com/vbsw/go-experimental/a01b v0.1.0/go.mod h1:7JMDgk61H+WgLiNhTV26BriC3obBIwN+so21nL0yeTI=
